
Microsoft Visual Studio Solution File, Format Version 12.00
# Visual Studio 15
VisualStudioVersion = 15.0.28307.489
MinimumVisualStudioVersion = 10.0.40219.1
Project("{159641D6-6404-4A2A-AE62-294DE0FE8301}") = "SpotPriceExpoter", "SpotPriceExpoter\SpotPriceExpoter.dtproj", "{BAEFF32B-5F15-4403-9E41-58375B8EEF62}"
EndProject
Global
	GlobalSection(SolutionConfigurationPlatforms) = preSolution
		Development|Default = Development|Default
	EndGlobalSection
	GlobalSection(ProjectConfigurationPlatforms) = postSolution
		{BAEFF32B-5F15-4403-9E41-58375B8EEF62}.Development|Default.ActiveCfg = Development
		{BAEFF32B-5F15-4403-9E41-58375B8EEF62}.Development|Default.Build.0 = Development
	EndGlobalSection
	GlobalSection(SolutionProperties) = preSolution
		HideSolutionNode = FALSE
	EndGlobalSection
	GlobalSection(ExtensibilityGlobals) = postSolution
		SolutionGuid = {474FFF37-2148-4A4A-99B2-DA7B86534D1F}
	EndGlobalSection
EndGlobal
